
Microsoft Visual Studio Solution File, Format Version 12.00
# Visual Studio Version 17
VisualStudioVersion = 17.9.34902.65
MinimumVisualStudioVersion = 10.0.40219.1
Project("{FAE04EC0-301F-11D3-BF4B-00C04F79EFBC}") = "Sklep", "Sklep\Sklep.csproj", "{5E17C2C4-5F5E-4FF3-AE06-28B4F616F967}"
EndProject
Project("{FAE04EC0-301F-11D3-BF4B-00C04F79EFBC}") = "Klient_A", "Klient_A\Klient_A.csproj", "{4616EE5C-3297-4808-9231-C46F830CAB3C}"
EndProject
Project("{FAE04EC0-301F-11D3-BF4B-00C04F79EFBC}") = "Klient_B", "Klient_B\Klient_B.csproj", "{5B1BE71B-5D4F-4590-A1A5-23CEF4539C43}"
EndProject
Project("{FAE04EC0-301F-11D3-BF4B-00C04F79EFBC}") = "Magazyn", "Magazyn\Magazyn.csproj", "{9FBEBEBD-6335-4C10-A6FB-1F02EFCA1E6F}"
EndProject
Project("{FAE04EC0-301F-11D3-BF4B-00C04F79EFBC}") = "Wiadomosci", "Wiadomosci\Wiadomosci.csproj", "{27BFFAAE-6A85-4C3F-986C-AACF889E4915}"
EndProject
Global
	GlobalSection(SolutionConfigurationPlatforms) = preSolution
		Debug|Any CPU = Debug|Any CPU
		Release|Any CPU = Release|Any CPU
	EndGlobalSection
	GlobalSection(ProjectConfigurationPlatforms) = postSolution
		{5E17C2C4-5F5E-4FF3-AE06-28B4F616F967}.Debug|Any CPU.ActiveCfg = Debug|Any CPU
		{5E17C2C4-5F5E-4FF3-AE06-28B4F616F967}.Debug|Any CPU.Build.0 = Debug|Any CPU
		{5E17C2C4-5F5E-4FF3-AE06-28B4F616F967}.Release|Any CPU.ActiveCfg = Release|Any CPU
		{5E17C2C4-5F5E-4FF3-AE06-28B4F616F967}.Release|Any CPU.Build.0 = Release|Any CPU
		{4616EE5C-3297-4808-9231-C46F830CAB3C}.Debug|Any CPU.ActiveCfg = Debug|Any CPU
		{4616EE5C-3297-4808-9231-C46F830CAB3C}.Debug|Any CPU.Build.0 = Debug|Any CPU
		{4616EE5C-3297-4808-9231-C46F830CAB3C}.Release|Any CPU.ActiveCfg = Release|Any CPU
		{4616EE5C-3297-4808-9231-C46F830CAB3C}.Release|Any CPU.Build.0 = Release|Any CPU
		{5B1BE71B-5D4F-4590-A1A5-23CEF4539C43}.Debug|Any CPU.ActiveCfg = Debug|Any CPU
		{5B1BE71B-5D4F-4590-A1A5-23CEF4539C43}.Debug|Any CPU.Build.0 = Debug|Any CPU
		{5B1BE71B-5D4F-4590-A1A5-23CEF4539C43}.Release|Any CPU.ActiveCfg = Release|Any CPU
		{5B1BE71B-5D4F-4590-A1A5-23CEF4539C43}.Release|Any CPU.Build.0 = Release|Any CPU
		{9FBEBEBD-6335-4C10-A6FB-1F02EFCA1E6F}.Debug|Any CPU.ActiveCfg = Debug|Any CPU
		{9FBEBEBD-6335-4C10-A6FB-1F02EFCA1E6F}.Debug|Any CPU.Build.0 = Debug|Any CPU
		{9FBEBEBD-6335-4C10-A6FB-1F02EFCA1E6F}.Release|Any CPU.ActiveCfg = Release|Any CPU
		{9FBEBEBD-6335-4C10-A6FB-1F02EFCA1E6F}.Release|Any CPU.Build.0 = Release|Any CPU
		{27BFFAAE-6A85-4C3F-986C-AACF889E4915}.Debug|Any CPU.ActiveCfg = Debug|Any CPU
		{27BFFAAE-6A85-4C3F-986C-AACF889E4915}.Debug|Any CPU.Build.0 = Debug|Any CPU
		{27BFFAAE-6A85-4C3F-986C-AACF889E4915}.Release|Any CPU.ActiveCfg = Release|Any CPU
		{27BFFAAE-6A85-4C3F-986C-AACF889E4915}.Release|Any CPU.Build.0 = Release|Any CPU
	EndGlobalSection
	GlobalSection(SolutionProperties) = preSolution
		HideSolutionNode = FALSE
	EndGlobalSection
	GlobalSection(ExtensibilityGlobals) = postSolution
		SolutionGuid = {7C98C004-EE83-4893-BB4C-37A1B8BA1948}
	EndGlobalSection
EndGlobal
