
Microsoft Visual Studio Solution File, Format Version 12.00
# Visual Studio Version 17
VisualStudioVersion = 17.9.34728.123
MinimumVisualStudioVersion = 10.0.40219.1
Project("{FAE04EC0-301F-11D3-BF4B-00C04F79EFBC}") = "Wydawca", "Wydawca\Wydawca.csproj", "{02990479-CAAD-498D-AA70-BCC48C5D5B37}"
EndProject
Project("{FAE04EC0-301F-11D3-BF4B-00C04F79EFBC}") = "Komunikaty", "Komunikaty\Komunikaty.csproj", "{D253E5A7-56E3-44E9-A409-A41A28DC3C7F}"
EndProject
Project("{FAE04EC0-301F-11D3-BF4B-00C04F79EFBC}") = "Odbiorca_A", "Odbiorca_A\Odbiorca_A.csproj", "{08A3614D-1F72-4248-9AAE-34E4C01CEA8A}"
EndProject
Project("{FAE04EC0-301F-11D3-BF4B-00C04F79EFBC}") = "Odbiorca_B", "Odbiorca_B\Odbiorca_B.csproj", "{48D4D786-E7BA-47F8-8119-16BB6A79C094}"
EndProject
Project("{FAE04EC0-301F-11D3-BF4B-00C04F79EFBC}") = "Odbiorca_C", "Odbiorca_C\Odbiorca_C.csproj", "{1343694E-7AED-4EB2-AD17-0BDFC90F6C88}"
EndProject
Global
	GlobalSection(SolutionConfigurationPlatforms) = preSolution
		Debug|Any CPU = Debug|Any CPU
		Release|Any CPU = Release|Any CPU
	EndGlobalSection
	GlobalSection(ProjectConfigurationPlatforms) = postSolution
		{02990479-CAAD-498D-AA70-BCC48C5D5B37}.Debug|Any CPU.ActiveCfg = Debug|Any CPU
		{02990479-CAAD-498D-AA70-BCC48C5D5B37}.Debug|Any CPU.Build.0 = Debug|Any CPU
		{02990479-CAAD-498D-AA70-BCC48C5D5B37}.Release|Any CPU.ActiveCfg = Release|Any CPU
		{02990479-CAAD-498D-AA70-BCC48C5D5B37}.Release|Any CPU.Build.0 = Release|Any CPU
		{D253E5A7-56E3-44E9-A409-A41A28DC3C7F}.Debug|Any CPU.ActiveCfg = Debug|Any CPU
		{D253E5A7-56E3-44E9-A409-A41A28DC3C7F}.Debug|Any CPU.Build.0 = Debug|Any CPU
		{D253E5A7-56E3-44E9-A409-A41A28DC3C7F}.Release|Any CPU.ActiveCfg = Release|Any CPU
		{D253E5A7-56E3-44E9-A409-A41A28DC3C7F}.Release|Any CPU.Build.0 = Release|Any CPU
		{08A3614D-1F72-4248-9AAE-34E4C01CEA8A}.Debug|Any CPU.ActiveCfg = Debug|Any CPU
		{08A3614D-1F72-4248-9AAE-34E4C01CEA8A}.Debug|Any CPU.Build.0 = Debug|Any CPU
		{08A3614D-1F72-4248-9AAE-34E4C01CEA8A}.Release|Any CPU.ActiveCfg = Release|Any CPU
		{08A3614D-1F72-4248-9AAE-34E4C01CEA8A}.Release|Any CPU.Build.0 = Release|Any CPU
		{48D4D786-E7BA-47F8-8119-16BB6A79C094}.Debug|Any CPU.ActiveCfg = Debug|Any CPU
		{48D4D786-E7BA-47F8-8119-16BB6A79C094}.Debug|Any CPU.Build.0 = Debug|Any CPU
		{48D4D786-E7BA-47F8-8119-16BB6A79C094}.Release|Any CPU.ActiveCfg = Release|Any CPU
		{48D4D786-E7BA-47F8-8119-16BB6A79C094}.Release|Any CPU.Build.0 = Release|Any CPU
		{1343694E-7AED-4EB2-AD17-0BDFC90F6C88}.Debug|Any CPU.ActiveCfg = Debug|Any CPU
		{1343694E-7AED-4EB2-AD17-0BDFC90F6C88}.Debug|Any CPU.Build.0 = Debug|Any CPU
		{1343694E-7AED-4EB2-AD17-0BDFC90F6C88}.Release|Any CPU.ActiveCfg = Release|Any CPU
		{1343694E-7AED-4EB2-AD17-0BDFC90F6C88}.Release|Any CPU.Build.0 = Release|Any CPU
	EndGlobalSection
	GlobalSection(SolutionProperties) = preSolution
		HideSolutionNode = FALSE
	EndGlobalSection
	GlobalSection(ExtensibilityGlobals) = postSolution
		SolutionGuid = {431F1AE7-9EF2-4255-9A54-E86302FD6D6B}
	EndGlobalSection
EndGlobal
